
Microsoft Visual Studio Solution File, Format Version 11.00
# Visual Studio 2010
Project("{FAE04EC0-301F-11D3-BF4B-00C04F79EFBC}") = "Assembly-CSharp", "Assembly-CSharp.csproj", "{BDBB196E-9412-6DE4-967A-785AE3461AC1}"
EndProject
Project("{FAE04EC0-301F-11D3-BF4B-00C04F79EFBC}") = "Assembly-CSharp-Editor-firstpass", "Assembly-CSharp-Editor-firstpass.csproj", "{60147F2A-4A4D-74B6-CEED-F8BF6F04CCC6}"
EndProject
Global
	GlobalSection(SolutionConfigurationPlatforms) = preSolution
		Debug|Any CPU = Debug|Any CPU
		Release|Any CPU = Release|Any CPU
	EndGlobalSection
	GlobalSection(ProjectConfigurationPlatforms) = postSolution
		{BDBB196E-9412-6DE4-967A-785AE3461AC1}.Debug|Any CPU.ActiveCfg = Debug|Any CPU
		{BDBB196E-9412-6DE4-967A-785AE3461AC1}.Debug|Any CPU.Build.0 = Debug|Any CPU
		{BDBB196E-9412-6DE4-967A-785AE3461AC1}.Release|Any CPU.ActiveCfg = Release|Any CPU
		{BDBB196E-9412-6DE4-967A-785AE3461AC1}.Release|Any CPU.Build.0 = Release|Any CPU
		{60147F2A-4A4D-74B6-CEED-F8BF6F04CCC6}.Debug|Any CPU.ActiveCfg = Debug|Any CPU
		{60147F2A-4A4D-74B6-CEED-F8BF6F04CCC6}.Debug|Any CPU.Build.0 = Debug|Any CPU
		{60147F2A-4A4D-74B6-CEED-F8BF6F04CCC6}.Release|Any CPU.ActiveCfg = Release|Any CPU
		{60147F2A-4A4D-74B6-CEED-F8BF6F04CCC6}.Release|Any CPU.Build.0 = Release|Any CPU
	EndGlobalSection
	GlobalSection(SolutionProperties) = preSolution
		HideSolutionNode = FALSE
	EndGlobalSection
	GlobalSection(MonoDevelopProperties) = preSolution
		StartupItem = Assembly-CSharp.csproj
	EndGlobalSection
EndGlobal
